{
  "version": 4,
  "terraform_version": "1.10.2",
  "serial": 16,
  "lineage": "82f67485-da5d-afe9-50b8-b3af3429f804",
  "outputs": {},
  "resources": [
    {
      "mode": "managed",
      "type": "random_integer",
      "name": "name",
      "provider": "provider[\"registry.terraform.io/hashicorp/random\"]",
      "instances": [
        {
          "schema_version": 0,
          "attributes": {
            "id": "243",
            "keepers": null,
            "max": 300,
            "min": 0,
            "result": 243,
            "seed": null
          },
          "sensitive_attributes": []
        }
      ]
    }
  ],
  "check_results": null
}
