{
  "version": 4,
  "terraform_version": "1.10.2",
  "serial": 1,
  "lineage": "72383364-b9d2-5626-2ddb-c23843bd00fa",
  "outputs": {},
  "resources": [
    {
      "mode": "managed",
      "type": "local_file",
      "name": "sample_res",
      "provider": "provider[\"registry.terraform.io/hashicorp/local\"]",
      "instances": [
        {
          "schema_version": 0,
          "attributes": {
            "content": "I love terraform",
            "content_base64": null,
            "content_base64sha256": "SPuYCw1w4PiFQ9+B4ilauNT0Za2Xx6DsNd9nT7sc51Q=",
            "content_base64sha512": "7lmVajw9qOToJhWQZ2vxO2IsHMBpQG+Mq9IJ8D8q7fq01zzT1vc6p8zxbJS3xMqCqI7kRzHE5Mxji+vkWhs7gw==",
            "content_md5": "4b64d8f6a0e8c1e74335fa31f1124c45",
            "content_sha1": "16184cd6fb8de574a247e0e6e70a157f1ad416ba",
            "content_sha256": "48fb980b0d70e0f88543df81e2295ab8d4f465ad97c7a0ec35df674fbb1ce754",
            "content_sha512": "ee59956a3c3da8e4e8261590676bf13b622c1cc069406f8cabd209f03f2aedfab4d73cd3d6f73aa7ccf16c94b7c4ca82a88ee44731c4e4cc638bebe45a1b3b83",
            "directory_permission": "0777",
            "file_permission": "0777",
            "filename": "sample.txt",
            "id": "16184cd6fb8de574a247e0e6e70a157f1ad416ba",
            "sensitive_content": null,
            "source": null
          },
          "sensitive_attributes": [
            [
              {
                "type": "get_attr",
                "value": "sensitive_content"
              }
            ]
          ]
        }
      ]
    }
  ],
  "check_results": null
}
