{
  "version": 4,
  "terraform_version": "1.10.2",
  "serial": 13,
  "lineage": "5663fcbc-1e5a-7f12-cfc1-82b7d5c1a1c7",
  "outputs": {},
  "resources": [
    {
      "mode": "managed",
      "type": "local_file",
      "name": "name",
      "provider": "provider[\"registry.terraform.io/hashicorp/local\"]",
      "instances": [
        {
          "schema_version": 0,
          "attributes": {
            "content": "this is random string from random provider :grKi+1?]m4",
            "content_base64": null,
            "content_base64sha256": "7EYd6VM4aLZgBAIicISNBY3mwMnu3yMMyHDNmUgs3W4=",
            "content_base64sha512": "eZoUeKFDJ1Z2y2S2FIwhEHCmH0+NzClMfqGyKC+db2iirCpcYo1a17HxRsER1hZYdk4WbSx86+3y1gUUwYHEMg==",
            "content_md5": "07b002667f6bf47cd368f3ea7bdc4a33",
            "content_sha1": "a1a581e26009fa8470213609da1ff383aa28c97e",
            "content_sha256": "ec461de9533868b66004022270848d058de6c0c9eedf230cc870cd99482cdd6e",
            "content_sha512": "799a1478a143275676cb64b6148c211070a61f4f8dcc294c7ea1b2282f9d6f68a2ac2a5c628d5ad7b1f146c111d61658764e166d2c7cebedf2d60514c181c432",
            "directory_permission": "0777",
            "file_permission": "0777",
            "filename": "explicit.txt",
            "id": "a1a581e26009fa8470213609da1ff383aa28c97e",
            "sensitive_content": null,
            "source": null
          },
          "sensitive_attributes": [
            [
              {
                "type": "get_attr",
                "value": "sensitive_content"
              }
            ]
          ],
          "dependencies": [
            "random_string.name2"
          ]
        }
      ]
    },
    {
      "mode": "managed",
      "type": "random_string",
      "name": "name2",
      "provider": "provider[\"registry.terraform.io/hashicorp/random\"]",
      "instances": [
        {
          "schema_version": 2,
          "attributes": {
            "id": "grKi+1?]m4",
            "keepers": null,
            "length": 10,
            "lower": true,
            "min_lower": 0,
            "min_numeric": 0,
            "min_special": 0,
            "min_upper": 0,
            "number": true,
            "numeric": true,
            "override_special": null,
            "result": "grKi+1?]m4",
            "special": true,
            "upper": true
          },
          "sensitive_attributes": []
        }
      ]
    }
  ],
  "check_results": null
}
