{
  "version": 4,
  "terraform_version": "1.10.2",
  "serial": 1,
  "lineage": "398cbd6b-28b8-8232-e276-16ee161f3dfe",
  "outputs": {},
  "resources": [
    {
      "mode": "managed",
      "type": "local_sensitive_file",
      "name": "example",
      "provider": "provider[\"registry.terraform.io/hashicorp/local\"]",
      "instances": [
        {
          "schema_version": 0,
          "attributes": {
            "content": "my-secret-content",
            "content_base64": null,
            "content_base64sha256": "3ibcZNVzHOCyirq5XKItqU7WjQEHcBEluWZ/6p6T8AU=",
            "content_base64sha512": "YLb3d1l5hHK4J/nGo1BJX0UDRWe693ZmbCwA9HmvNf2kmFXPweqk48GmzGpvehaF6q02E8Ob0nJSq0PjCNvEAg==",
            "content_md5": "b828a7f0974c0b2bb6b914468e1ee221",
            "content_sha1": "a87cc96e6bd800a46f4dd7fb4a536b5f9809aaeb",
            "content_sha256": "de26dc64d5731ce0b28abab95ca22da94ed68d0107701125b9667fea9e93f005",
            "content_sha512": "60b6f77759798472b827f9c6a350495f45034567baf776666c2c00f479af35fda49855cfc1eaa4e3c1a6cc6a6f7a1685eaad3613c39bd27252ab43e308dbc402",
            "directory_permission": "0700",
            "file_permission": "0700",
            "filename": "example.txt",
            "id": "a87cc96e6bd800a46f4dd7fb4a536b5f9809aaeb",
            "source": null
          },
          "sensitive_attributes": [
            [
              {
                "type": "get_attr",
                "value": "content"
              }
            ],
            [
              {
                "type": "get_attr",
                "value": "content_base64"
              }
            ]
          ]
        }
      ]
    }
  ],
  "check_results": null
}
