{
  "version": 4,
  "terraform_version": "1.10.2",
  "serial": 1,
  "lineage": "a370854b-01b2-4372-b239-33ba63cdfce2",
  "outputs": {},
  "resources": [
    {
      "mode": "managed",
      "type": "local_file",
      "name": "cat_res",
      "provider": "provider[\"registry.terraform.io/hashicorp/local\"]",
      "instances": [
        {
          "schema_version": 0,
          "attributes": {
            "content": "i LOve cats",
            "content_base64": null,
            "content_base64sha256": "AhYMpRCmyprFYLo9+3FdTT19CG4pquTvuHrn1f1hIp4=",
            "content_base64sha512": "Q7UvsEdmhtK7vONMFpKheF63MYgis8I8/6DZNyx+doJS+JIiTDB00MTL75aUBmmXGKImc4YWEzDdcEI/oJyj6w==",
            "content_md5": "7a6e29bbd5eeecb2ac0293910694f347",
            "content_sha1": "e10c4fbd783e839e7bc4d26796a27aef203f89e9",
            "content_sha256": "02160ca510a6ca9ac560ba3dfb715d4d3d7d086e29aae4efb87ae7d5fd61229e",
            "content_sha512": "43b52fb0476686d2bbbce34c1692a1785eb7318822b3c23cffa0d9372c7e768252f892224c3074d0c4cbef969406699718a2267386161330dd70423fa09ca3eb",
            "directory_permission": "0777",
            "file_permission": "0777",
            "filename": "cat.txt",
            "id": "e10c4fbd783e839e7bc4d26796a27aef203f89e9",
            "sensitive_content": null,
            "source": null
          },
          "sensitive_attributes": [
            [
              {
                "type": "get_attr",
                "value": "sensitive_content"
              }
            ]
          ]
        }
      ]
    },
    {
      "mode": "managed",
      "type": "local_file",
      "name": "dog_res",
      "provider": "provider[\"registry.terraform.io/hashicorp/local\"]",
      "instances": [
        {
          "schema_version": 0,
          "attributes": {
            "content": "i LOve dogs",
            "content_base64": null,
            "content_base64sha256": "B25zjYRa9x4xi9xGt7p0ws0TErOoFRmS2u92AlY6P9o=",
            "content_base64sha512": "oSNmlOW3nA55llfrysuOxhmnXv3yh93c0H6HArs+Mu6zsvIx3/sn8y4Yjw796HMduvgWIeMCeFGKFB5PaMIszw==",
            "content_md5": "10faaaeac98adbb59b02957bfe986bf0",
            "content_sha1": "7ee51d51d9fd4b4c08c583c8d089030d3b610f29",
            "content_sha256": "076e738d845af71e318bdc46b7ba74c2cd1312b3a8151992daef7602563a3fda",
            "content_sha512": "a1236694e5b79c0e799657ebcacb8ec619a75efdf287dddcd07e8702bb3e32eeb3b2f231dffb27f32e188f0efde8731dbaf81621e30278518a141e4f68c22ccf",
            "directory_permission": "0777",
            "file_permission": "0777",
            "filename": "dog.txt",
            "id": "7ee51d51d9fd4b4c08c583c8d089030d3b610f29",
            "sensitive_content": null,
            "source": null
          },
          "sensitive_attributes": [
            [
              {
                "type": "get_attr",
                "value": "sensitive_content"
              }
            ]
          ]
        }
      ]
    }
  ],
  "check_results": null
}
