{
  "version": 4,
  "terraform_version": "1.10.2",
  "serial": 4,
  "lineage": "342aef81-0432-99cd-cb66-099f4cabfb23",
  "outputs": {
    "rint1": {
      "value": 139,
      "type": "number"
    }
  },
  "resources": [
    {
      "mode": "managed",
      "type": "random_integer",
      "name": "rint",
      "provider": "provider[\"registry.terraform.io/hashicorp/random\"]",
      "instances": [
        {
          "schema_version": 0,
          "attributes": {
            "id": "139",
            "keepers": null,
            "max": 200,
            "min": 80,
            "result": 139,
            "seed": null
          },
          "sensitive_attributes": []
        }
      ]
    }
  ],
  "check_results": null
}
